{
  "originHash" : "93b8a9cd9e87efd55d21fdaefbc8be70c4ae03210cc48f175a7ea74c22f8f081",
  "pins" : [
    {
      "identity" : "get",
      "kind" : "remoteSourceControl",
      "location" : "git@github.com:kean/Get.git",
      "state" : {
        "revision" : "31249885da1052872e0ac91a2943f62567c0d96d",
        "version" : "2.2.1"
      }
    },
    {
      "identity" : "swift-argument-parser",
      "kind" : "remoteSourceControl",
      "location" : "https://github.com/apple/swift-argument-parser.git",
      "state" : {
        "revision" : "41982a3656a71c768319979febd796c6fd111d5c",
        "version" : "1.5.0"
      }
    },
    {
      "identity" : "yams",
      "kind" : "remoteSourceControl",
      "location" : "https://github.com/jpsim/Yams",
      "state" : {
        "revision" : "b4b8042411dc7bbb696300a34a4bf3ba1b7ad19b",
        "version" : "5.3.1"
      }
    }
  ],
  "version" : 3
}
