{
  "originHash" : "001c996410bf18a4c6ecdbb542e12ed45cd248ee7b20af7334747b949a0d0ed7",
  "pins" : [
    {
      "identity" : "get",
      "kind" : "remoteSourceControl",
      "location" : "https://github.com/kean/Get",
      "state" : {
        "revision" : "31249885da1052872e0ac91a2943f62567c0d96d",
        "version" : "2.2.1"
      }
    },
    {
      "identity" : "swift-argument-parser",
      "kind" : "remoteSourceControl",
      "location" : "https://github.com/apple/swift-argument-parser",
      "state" : {
        "revision" : "41982a3656a71c768319979febd796c6fd111d5c",
        "version" : "1.5.0"
      }
    },
    {
      "identity" : "yams",
      "kind" : "remoteSourceControl",
      "location" : "https://github.com/jpsim/Yams",
      "state" : {
        "revision" : "9281f8c99aff4f4a55dce22ae29b1181c935caa5",
        "version" : "6.0.0"
      }
    }
  ],
  "version" : 3
}
