{
  "originHash" : "d82000a9beb871162274de9e9e362d84395ddac45c17a95430993192862b6717",
  "pins" : [
    {
      "identity" : "get",
      "kind" : "remoteSourceControl",
      "location" : "https://github.com/kean/Get",
      "state" : {
        "revision" : "31249885da1052872e0ac91a2943f62567c0d96d",
        "version" : "2.2.1"
      }
    },
    {
      "identity" : "komondor",
      "kind" : "remoteSourceControl",
      "location" : "https://github.com/shibapm/Komondor.git",
      "state" : {
        "revision" : "90b087b1e39069684b1ff4bf915c2aae594f2d60",
        "version" : "1.1.3"
      }
    },
    {
      "identity" : "packageconfig",
      "kind" : "remoteSourceControl",
      "location" : "https://github.com/shibapm/PackageConfig.git",
      "state" : {
        "revision" : "58523193c26fb821ed1720dcd8a21009055c7cdb",
        "version" : "1.1.3"
      }
    },
    {
      "identity" : "pathkit",
      "kind" : "remoteSourceControl",
      "location" : "https://github.com/kylef/PathKit.git",
      "state" : {
        "revision" : "3bfd2737b700b9a36565a8c94f4ad2b050a5e574",
        "version" : "1.0.1"
      }
    },
    {
      "identity" : "shellout",
      "kind" : "remoteSourceControl",
      "location" : "https://github.com/JohnSundell/ShellOut.git",
      "state" : {
        "revision" : "e1577acf2b6e90086d01a6d5e2b8efdaae033568",
        "version" : "2.3.0"
      }
    },
    {
      "identity" : "spectre",
      "kind" : "remoteSourceControl",
      "location" : "https://github.com/kylef/Spectre.git",
      "state" : {
        "revision" : "26cc5e9ae0947092c7139ef7ba612e34646086c7",
        "version" : "0.10.1"
      }
    },
    {
      "identity" : "stencil",
      "kind" : "remoteSourceControl",
      "location" : "https://github.com/stencilproject/Stencil",
      "state" : {
        "revision" : "4f222ac85d673f35df29962fc4c36ccfdaf9da5b",
        "version" : "0.15.1"
      }
    },
    {
      "identity" : "stencilswiftkit",
      "kind" : "remoteSourceControl",
      "location" : "https://github.com/SwiftGen/StencilSwiftKit",
      "state" : {
        "revision" : "20e2de5322c83df005939d9d9300fab130b49f97",
        "version" : "2.10.1"
      }
    },
    {
      "identity" : "swift-argument-parser",
      "kind" : "remoteSourceControl",
      "location" : "https://github.com/apple/swift-argument-parser",
      "state" : {
        "revision" : "41982a3656a71c768319979febd796c6fd111d5c",
        "version" : "1.5.0"
      }
    },
    {
      "identity" : "yams",
      "kind" : "remoteSourceControl",
      "location" : "https://github.com/jpsim/Yams",
      "state" : {
        "revision" : "9281f8c99aff4f4a55dce22ae29b1181c935caa5",
        "version" : "6.0.0"
      }
    }
  ],
  "version" : 3
}
